{
  "name": "switchonledwithapi",
  "version": "1.0.0",
  "lockfileVersion": 3,
  "requires": true,
  "packages": {
    "": {
      "name": "switchonledwithapi",
      "version": "1.0.0",
      "license": "ISC",
      "dependencies": {
        "ag-util-esp32": "^0.1.0"
      }
    },
    "node_modules/ag-util-esp32": {
      "version": "0.1.0",
      "resolved": "https://registry.npmjs.org/ag-util-esp32/-/ag-util-esp32-0.1.0.tgz",
      "integrity": "sha512-yGw967Tpi1rpfmA4VNzqQcXseIMrQnnSsrKH6tArol0dA6giFirbOnOQYq/8ZzM74mkmEMdKv3qbr3mNCBJSlg=="
    }
  }
}
